// !$*UTF8*$!
{
	archiveVersion = 1;
	classes = {
	};
	objectVersion = 50;
	objects = {

/* Begin PBXBuildFile section */
		096E9D8923E6B2F500D95713 /* AppDelegate.m in Sources */ = {isa = PBXBuildFile; fileRef = 096E9D8823E6B2F500D95713 /* AppDelegate.m */; };
		096E9D8C23E6B2F500D95713 /* SceneDelegate.m in Sources */ = {isa = PBXBuildFile; fileRef = 096E9D8B23E6B2F500D95713 /* SceneDelegate.m */; };
		096E9D8F23E6B2F500D95713 /* ViewController.m in Sources */ = {isa = PBXBuildFile; fileRef = 096E9D8E23E6B2F500D95713 /* ViewController.m */; };
		096E9D9223E6B2F500D95713 /* Main.storyboard in Resources */ = {isa = PBXBuildFile; fileRef = 096E9D9023E6B2F500D95713 /* Main.storyboard */; };
		096E9D9423E6B2F700D95713 /* Assets.xcassets in Resources */ = {isa = PBXBuildFile; fileRef = 096E9D9323E6B2F700D95713 /* Assets.xcassets */; };
		096E9D9723E6B2F700D95713 /* LaunchScreen.storyboard in Resources */ = {isa = PBXBuildFile; fileRef = 096E9D9523E6B2F700D95713 /* LaunchScreen.storyboard */; };
		096E9D9A23E6B2F700D95713 /* main.m in Sources */ = {isa = PBXBuildFile; fileRef = 096E9D9923E6B2F700D95713 /* main.m */; };
		096E9DA423E6B2F700D95713 /* LearningBusinessAppTests.m in Sources */ = {isa = PBXBuildFile; fileRef = 096E9DA323E6B2F700D95713 /* LearningBusinessAppTests.m */; };
		096E9DAF23E6B2F800D95713 /* LearningBusinessAppUITests.m in Sources */ = {isa = PBXBuildFile; fileRef = 096E9DAE23E6B2F800D95713 /* LearningBusinessAppUITests.m */; };
/* End PBXBuildFile section */

/* Begin PBXContainerItemProxy section */
		096E9DA023E6B2F700D95713 /* PBXContainerItemProxy */ = {
			isa = PBXContainerItemProxy;
			containerPortal = 096E9D7C23E6B2F500D95713 /* Project object */;
			proxyType = 1;
			remoteGlobalIDString = 096E9D8323E6B2F500D95713;
			remoteInfo = LearningBusinessApp;
		};
		096E9DAB23E6B2F800D95713 /* PBXContainerItemProxy */ = {
			isa = PBXContainerItemProxy;
			containerPortal = 096E9D7C23E6B2F500D95713 /* Project object */;
			proxyType = 1;
			remoteGlobalIDString = 096E9D8323E6B2F500D95713;
			remoteInfo = LearningBusinessApp;
		};
/* End PBXContainerItemProxy section */

/* Begin PBXFileReference section */
		096E9D8423E6B2F500D95713 /* LearningBusinessApp.app */ = {isa = PBXFileReference; explicitFileType = wrapper.application; includeInIndex = 0; path = LearningBusinessApp.app; sourceTree = BUILT_PRODUCTS_DIR; };
		096E9D8723E6B2F500D95713 /* AppDelegate.h */ = {isa = PBXFileReference; lastKnownFileType = sourcecode.c.h; path = AppDelegate.h; sourceTree = "<group>"; };
		096E9D8823E6B2F500D95713 /* AppDelegate.m */ = {isa = PBXFileReference; lastKnownFileType = sourcecode.c.objc; path = AppDelegate.m; sourceTree = "<group>"; };
		096E9D8A23E6B2F500D95713 /* SceneDelegate.h */ = {isa = PBXFileReference; lastKnownFileType = sourcecode.c.h; path = SceneDelegate.h; sourceTree = "<group>"; };
		096E9D8B23E6B2F500D95713 /* SceneDelegate.m */ = {isa = PBXFileReference; lastKnownFileType = sourcecode.c.objc; path = SceneDelegate.m; sourceTree = "<group>"; };
		096E9D8D23E6B2F500D95713 /* ViewController.h */ = {isa = PBXFileReference; lastKnownFileType = sourcecode.c.h; path = ViewController.h; sourceTree = "<group>"; };
		096E9D8E23E6B2F500D95713 /* ViewController.m */ = {isa = PBXFileReference; lastKnownFileType = sourcecode.c.objc; path = ViewController.m; sourceTree = "<group>"; };
		096E9D9123E6B2F500D95713 /* Base */ = {isa = PBXFileReference; lastKnownFileType = file.storyboard; name = Base; path = Base.lproj/Main.storyboard; sourceTree = "<group>"; };
		096E9D9323E6B2F700D95713 /* Assets.xcassets */ = {isa = PBXFileReference; lastKnownFileType = folder.assetcatalog; path = Assets.xcassets; sourceTree = "<group>"; };
		096E9D9623E6B2F700D95713 /* Base */ = {isa = PBXFileReference; lastKnownFileType = file.storyboard; name = Base; path = Base.lproj/LaunchScreen.storyboard; sourceTree = "<group>"; };
		096E9D9823E6B2F700D95713 /* Info.plist */ = {isa = PBXFileReference; lastKnownFileType = text.plist.xml; path = Info.plist; sourceTree = "<group>"; };
		096E9D9923E6B2F700D95713 /* main.m */ = {isa = PBXFileReference; lastKnownFileType = sourcecode.c.objc; path = main.m; sourceTree = "<group>"; };
		096E9D9F23E6B2F700D95713 /* LearningBusinessAppTests.xctest */ = {isa = PBXFileReference; explicitFileType = wrapper.cfbundle; includeInIndex = 0; path = LearningBusinessAppTests.xctest; sourceTree = BUILT_PRODUCTS_DIR; };
		096E9DA323E6B2F700D95713 /* LearningBusinessAppTests.m */ = {isa = PBXFileReference; lastKnownFileType = sourcecode.c.objc; path = LearningBusinessAppTests.m; sourceTree = "<group>"; };
		096E9DA523E6B2F700D95713 /* Info.plist */ = {isa = PBXFileReference; lastKnownFileType = text.plist.xml; path = Info.plist; sourceTree = "<group>"; };
		096E9DAA23E6B2F800D95713 /* LearningBusinessAppUITests.xctest */ = {isa = PBXFileReference; explicitFileType = wrapper.cfbundle; includeInIndex = 0; path = LearningBusinessAppUITests.xctest; sourceTree = BUILT_PRODUCTS_DIR; };
		096E9DAE23E6B2F800D95713 /* LearningBusinessAppUITests.m */ = {isa = PBXFileReference; lastKnownFileType = sourcecode.c.objc; path = LearningBusinessAppUITests.m; sourceTree = "<group>"; };
		096E9DB023E6B2F800D95713 /* Info.plist */ = {isa = PBXFileReference; lastKnownFileType = text.plist.xml; path = Info.plist; sourceTree = "<group>"; };
/* End PBXFileReference section */

/* Begin PBXFrameworksBuildPhase section */
		096E9D8123E6B2F500D95713 /* Frameworks */ = {
			isa = PBXFrameworksBuildPhase;
			buildActionMask = 2147483647;
			files = (
			);
			runOnlyForDeploymentPostprocessing = 0;
		};
		096E9D9C23E6B2F700D95713 /* Frameworks */ = {
			isa = PBXFrameworksBuildPhase;
			buildActionMask = 2147483647;
			files = (
			);
			runOnlyForDeploymentPostprocessing = 0;
		};
		096E9DA723E6B2F800D95713 /* Frameworks */ = {
			isa = PBXFrameworksBuildPhase;
			buildActionMask = 2147483647;
			files = (
			);
			runOnlyForDeploymentPostprocessing = 0;
		};
/* End PBXFrameworksBuildPhase section */

/* Begin PBXGroup section */
		096E9D7B23E6B2F500D95713 = {
			isa = PBXGroup;
			children = (
				096E9D8623E6B2F500D95713 /* LearningBusinessApp */,
				096E9DA223E6B2F700D95713 /* LearningBusinessAppTests */,
				096E9DAD23E6B2F800D95713 /* LearningBusinessAppUITests */,
				096E9D8523E6B2F500D95713 /* Products */,
			);
			sourceTree = "<group>";
		};
		096E9D8523E6B2F500D95713 /* Products */ = {
			isa = PBXGroup;
			children = (
				096E9D8423E6B2F500D95713 /* LearningBusinessApp.app */,
				096E9D9F23E6B2F700D95713 /* LearningBusinessAppTests.xctest */,
				096E9DAA23E6B2F800D95713 /* LearningBusinessAppUITests.xctest */,
			);
			name = Products;
			sourceTree = "<group>";
		};
		096E9D8623E6B2F500D95713 /* LearningBusinessApp */ = {
			isa = PBXGroup;
			children = (
				096E9D8723E6B2F500D95713 /* AppDelegate.h */,
				096E9D8823E6B2F500D95713 /* AppDelegate.m */,
				096E9D8A23E6B2F500D95713 /* SceneDelegate.h */,
				096E9D8B23E6B2F500D95713 /* SceneDelegate.m */,
				096E9D8D23E6B2F500D95713 /* ViewController.h */,
				096E9D8E23E6B2F500D95713 /* ViewController.m */,
				096E9D9023E6B2F500D95713 /* Main.storyboard */,
				096E9D9323E6B2F700D95713 /* Assets.xcassets */,
				096E9D9523E6B2F700D95713 /* LaunchScreen.storyboard */,
				096E9D9823E6B2F700D95713 /* Info.plist */,
				096E9D9923E6B2F700D95713 /* main.m */,
			);
			path = LearningBusinessApp;
			sourceTree = "<group>";
		};
		096E9DA223E6B2F700D95713 /* LearningBusinessAppTests */ = {
			isa = PBXGroup;
			children = (
				096E9DA323E6B2F700D95713 /* LearningBusinessAppTests.m */,
				096E9DA523E6B2F700D95713 /* Info.plist */,
			);
			path = LearningBusinessAppTests;
			sourceTree = "<group>";
		};
		096E9DAD23E6B2F800D95713 /* LearningBusinessAppUITests */ = {
			isa = PBXGroup;
			children = (
				096E9DAE23E6B2F800D95713 /* LearningBusinessAppUITests.m */,
				096E9DB023E6B2F800D95713 /* Info.plist */,
			);
			path = LearningBusinessAppUITests;
			sourceTree = "<group>";
		};
/* End PBXGroup section */

/* Begin PBXNativeTarget section */
		096E9D8323E6B2F500D95713 /* LearningBusinessApp */ = {
			isa = PBXNativeTarget;
			buildConfigurationList = 096E9DB323E6B2F800D95713 /* Build configuration list for PBXNativeTarget "LearningBusinessApp" */;
			buildPhases = (
				096E9D8023E6B2F500D95713 /* Sources */,
				096E9D8123E6B2F500D95713 /* Frameworks */,
				096E9D8223E6B2F500D95713 /* Resources */,
			);
			buildRules = (
			);
			dependencies = (
			);
			name = LearningBusinessApp;
			productName = LearningBusinessApp;
			productReference = 096E9D8423E6B2F500D95713 /* LearningBusinessApp.app */;
			productType = "com.apple.product-type.application";
		};
		096E9D9E23E6B2F700D95713 /* LearningBusinessAppTests */ = {
			isa = PBXNativeTarget;
			buildConfigurationList = 096E9DB623E6B2F800D95713 /* Build configuration list for PBXNativeTarget "LearningBusinessAppTests" */;
			buildPhases = (
				096E9D9B23E6B2F700D95713 /* Sources */,
				096E9D9C23E6B2F700D95713 /* Frameworks */,
				096E9D9D23E6B2F700D95713 /* Resources */,
			);
			buildRules = (
			);
			dependencies = (
				096E9DA123E6B2F700D95713 /* PBXTargetDependency */,
			);
			name = LearningBusinessAppTests;
			productName = LearningBusinessAppTests;
			productReference = 096E9D9F23E6B2F700D95713 /* LearningBusinessAppTests.xctest */;
			productType = "com.apple.product-type.bundle.unit-test";
		};
		096E9DA923E6B2F800D95713 /* LearningBusinessAppUITests */ = {
			isa = PBXNativeTarget;
			buildConfigurationList = 096E9DB923E6B2F800D95713 /* Build configuration list for PBXNativeTarget "LearningBusinessAppUITests" */;
			buildPhases = (
				096E9DA623E6B2F800D95713 /* Sources */,
				096E9DA723E6B2F800D95713 /* Frameworks */,
				096E9DA823E6B2F800D95713 /* Resources */,
			);
			buildRules = (
			);
			dependencies = (
				096E9DAC23E6B2F800D95713 /* PBXTargetDependency */,
			);
			name = LearningBusinessAppUITests;
			productName = LearningBusinessAppUITests;
			productReference = 096E9DAA23E6B2F800D95713 /* LearningBusinessAppUITests.xctest */;
			productType = "com.apple.product-type.bundle.ui-testing";
		};
/* End PBXNativeTarget section */

/* Begin PBXProject section */
		096E9D7C23E6B2F500D95713 /* Project object */ = {
			isa = PBXProject;
			attributes = {
				LastUpgradeCheck = 1130;
				ORGANIZATIONNAME = Mobile;
				TargetAttributes = {
					096E9D8323E6B2F500D95713 = {
						CreatedOnToolsVersion = 11.3.1;
					};
					096E9D9E23E6B2F700D95713 = {
						CreatedOnToolsVersion = 11.3.1;
						TestTargetID = 096E9D8323E6B2F500D95713;
					};
					096E9DA923E6B2F800D95713 = {
						CreatedOnToolsVersion = 11.3.1;
						TestTargetID = 096E9D8323E6B2F500D95713;
					};
				};
			};
			buildConfigurationList = 096E9D7F23E6B2F500D95713 /* Build configuration list for PBXProject "LearningBusinessApp" */;
			compatibilityVersion = "Xcode 9.3";
			developmentRegion = en;
			hasScannedForEncodings = 0;
			knownRegions = (
				en,
				Base,
			);
			mainGroup = 096E9D7B23E6B2F500D95713;
			productRefGroup = 096E9D8523E6B2F500D95713 /* Products */;
			projectDirPath = "";
			projectRoot = "";
			targets = (
				096E9D8323E6B2F500D95713 /* LearningBusinessApp */,
				096E9D9E23E6B2F700D95713 /* LearningBusinessAppTests */,
				096E9DA923E6B2F800D95713 /* LearningBusinessAppUITests */,
			);
		};
/* End PBXProject section */

/* Begin PBXResourcesBuildPhase section */
		096E9D8223E6B2F500D95713 /* Resources */ = {
			isa = PBXResourcesBuildPhase;
			buildActionMask = 2147483647;
			files = (
				096E9D9723E6B2F700D95713 /* LaunchScreen.storyboard in Resources */,
				096E9D9423E6B2F700D95713 /* Assets.xcassets in Resources */,
				096E9D9223E6B2F500D95713 /* Main.storyboard in Resources */,
			);
			runOnlyForDeploymentPostprocessing = 0;
		};
		096E9D9D23E6B2F700D95713 /* Resources */ = {
			isa = PBXResourcesBuildPhase;
			buildActionMask = 2147483647;
			files = (
			);
			runOnlyForDeploymentPostprocessing = 0;
		};
		096E9DA823E6B2F800D95713 /* Resources */ = {
			isa = PBXResourcesBuildPhase;
			buildActionMask = 2147483647;
			files = (
			);
			runOnlyForDeploymentPostprocessing = 0;
		};
/* End PBXResourcesBuildPhase section */

/* Begin PBXSourcesBuildPhase section */
		096E9D8023E6B2F500D95713 /* Sources */ = {
			isa = PBXSourcesBuildPhase;
			buildActionMask = 2147483647;
			files = (
				096E9D8F23E6B2F500D95713 /* ViewController.m in Sources */,
				096E9D8923E6B2F500D95713 /* AppDelegate.m in Sources */,
				096E9D9A23E6B2F700D95713 /* main.m in Sources */,
				096E9D8C23E6B2F500D95713 /* SceneDelegate.m in Sources */,
			);
			runOnlyForDeploymentPostprocessing = 0;
		};
		096E9D9B23E6B2F700D95713 /* Sources */ = {
			isa = PBXSourcesBuildPhase;
			buildActionMask = 2147483647;
			files = (
				096E9DA423E6B2F700D95713 /* LearningBusinessAppTests.m in Sources */,
			);
			runOnlyForDeploymentPostprocessing = 0;
		};
		096E9DA623E6B2F800D95713 /* Sources */ = {
			isa = PBXSourcesBuildPhase;
			buildActionMask = 2147483647;
			files = (
				096E9DAF23E6B2F800D95713 /* LearningBusinessAppUITests.m in Sources */,
			);
			runOnlyForDeploymentPostprocessing = 0;
		};
/* End PBXSourcesBuildPhase section */

/* Begin PBXTargetDependency section */
		096E9DA123E6B2F700D95713 /* PBXTargetDependency */ = {
			isa = PBXTargetDependency;
			target = 096E9D8323E6B2F500D95713 /* LearningBusinessApp */;
			targetProxy = 096E9DA023E6B2F700D95713 /* PBXContainerItemProxy */;
		};
		096E9DAC23E6B2F800D95713 /* PBXTargetDependency */ = {
			isa = PBXTargetDependency;
			target = 096E9D8323E6B2F500D95713 /* LearningBusinessApp */;
			targetProxy = 096E9DAB23E6B2F800D95713 /* PBXContainerItemProxy */;
		};
/* End PBXTargetDependency section */

/* Begin PBXVariantGroup section */
		096E9D9023E6B2F500D95713 /* Main.storyboard */ = {
			isa = PBXVariantGroup;
			children = (
				096E9D9123E6B2F500D95713 /* Base */,
			);
			name = Main.storyboard;
			sourceTree = "<group>";
		};
		096E9D9523E6B2F700D95713 /* LaunchScreen.storyboard */ = {
			isa = PBXVariantGroup;
			children = (
				096E9D9623E6B2F700D95713 /* Base */,
			);
			name = LaunchScreen.storyboard;
			sourceTree = "<group>";
		};
/* End PBXVariantGroup section */

/* Begin XCBuildConfiguration section */
		096E9DB123E6B2F800D95713 /* Debug */ = {
			isa = XCBuildConfiguration;
			buildSettings = {
				ALWAYS_SEARCH_USER_PATHS = NO;
				CLANG_ANALYZER_NONNULL = YES;
				CLANG_ANALYZER_NUMBER_OBJECT_CONVERSION = YES_AGGRESSIVE;
				CLANG_CXX_LANGUAGE_STANDARD = "gnu++14";
				CLANG_CXX_LIBRARY = "libc++";
				CLANG_ENABLE_MODULES = YES;
				CLANG_ENABLE_OBJC_ARC = YES;
				CLANG_ENABLE_OBJC_WEAK = YES;
				CLANG_WARN_BLOCK_CAPTURE_AUTORELEASING = YES;
				CLANG_WARN_BOOL_CONVERSION = YES;
				CLANG_WARN_COMMA = YES;
				CLANG_WARN_CONSTANT_CONVERSION = YES;
				CLANG_WARN_DEPRECATED_OBJC_IMPLEMENTATIONS = YES;
				CLANG_WARN_DIRECT_OBJC_ISA_USAGE = YES_ERROR;
				CLANG_WARN_DOCUMENTATION_COMMENTS = YES;
				CLANG_WARN_EMPTY_BODY = YES;
				CLANG_WARN_ENUM_CONVERSION = YES;
				CLANG_WARN_INFINITE_RECURSION = YES;
				CLANG_WARN_INT_CONVERSION = YES;
				CLANG_WARN_NON_LITERAL_NULL_CONVERSION = YES;
				CLANG_WARN_OBJC_IMPLICIT_RETAIN_SELF = YES;
				CLANG_WARN_OBJC_LITERAL_CONVERSION = YES;
				CLANG_WARN_OBJC_ROOT_CLASS = YES_ERROR;
				CLANG_WARN_RANGE_LOOP_ANALYSIS = YES;
				CLANG_WARN_STRICT_PROTOTYPES = YES;
				CLANG_WARN_SUSPICIOUS_MOVE = YES;
				CLANG_WARN_UNGUARDED_AVAILABILITY = YES_AGGRESSIVE;
				CLANG_WARN_UNREACHABLE_CODE = YES;
				CLANG_WARN__DUPLICATE_METHOD_MATCH = YES;
				COPY_PHASE_STRIP = NO;
				DEBUG_INFORMATION_FORMAT = dwarf;
				ENABLE_STRICT_OBJC_MSGSEND = YES;
				ENABLE_TESTABILITY = YES;
				GCC_C_LANGUAGE_STANDARD = gnu11;
				GCC_DYNAMIC_NO_PIC = NO;
				GCC_NO_COMMON_BLOCKS = YES;
				GCC_OPTIMIZATION_LEVEL = 0;
				GCC_PREPROCESSOR_DEFINITIONS = (
					"DEBUG=1",
					"$(inherited)",
				);
				GCC_WARN_64_TO_32_BIT_CONVERSION = YES;
				GCC_WARN_ABOUT_RETURN_TYPE = YES_ERROR;
				GCC_WARN_UNDECLARED_SELECTOR = YES;
				GCC_WARN_UNINITIALIZED_AUTOS = YES_AGGRESSIVE;
				GCC_WARN_UNUSED_FUNCTION = YES;
				GCC_WARN_UNUSED_VARIABLE = YES;
				IPHONEOS_DEPLOYMENT_TARGET = 13.2;
				MTL_ENABLE_DEBUG_INFO = INCLUDE_SOURCE;
				MTL_FAST_MATH = YES;
				ONLY_ACTIVE_ARCH = YES;
				SDKROOT = iphoneos;
			};
			name = Debug;
		};
		096E9DB223E6B2F800D95713 /* Release */ = {
			isa = XCBuildConfiguration;
			buildSettings = {
				ALWAYS_SEARCH_USER_PATHS = NO;
				CLANG_ANALYZER_NONNULL = YES;
				CLANG_ANALYZER_NUMBER_OBJECT_CONVERSION = YES_AGGRESSIVE;
				CLANG_CXX_LANGUAGE_STANDARD = "gnu++14";
				CLANG_CXX_LIBRARY = "libc++";
				CLANG_ENABLE_MODULES = YES;
				CLANG_ENABLE_OBJC_ARC = YES;
				CLANG_ENABLE_OBJC_WEAK = YES;
				CLANG_WARN_BLOCK_CAPTURE_AUTORELEASING = YES;
				CLANG_WARN_BOOL_CONVERSION = YES;
				CLANG_WARN_COMMA = YES;
				CLANG_WARN_CONSTANT_CONVERSION = YES;
				CLANG_WARN_DEPRECATED_OBJC_IMPLEMENTATIONS = YES;
				CLANG_WARN_DIRECT_OBJC_ISA_USAGE = YES_ERROR;
				CLANG_WARN_DOCUMENTATION_COMMENTS = YES;
				CLANG_WARN_EMPTY_BODY = YES;
				CLANG_WARN_ENUM_CONVERSION = YES;
				CLANG_WARN_INFINITE_RECURSION = YES;
				CLANG_WARN_INT_CONVERSION = YES;
				CLANG_WARN_NON_LITERAL_NULL_CONVERSION = YES;
				CLANG_WARN_OBJC_IMPLICIT_RETAIN_SELF = YES;
				CLANG_WARN_OBJC_LITERAL_CONVERSION = YES;
				CLANG_WARN_OBJC_ROOT_CLASS = YES_ERROR;
				CLANG_WARN_RANGE_LOOP_ANALYSIS = YES;
				CLANG_WARN_STRICT_PROTOTYPES = YES;
				CLANG_WARN_SUSPICIOUS_MOVE = YES;
				CLANG_WARN_UNGUARDED_AVAILABILITY = YES_AGGRESSIVE;
				CLANG_WARN_UNREACHABLE_CODE = YES;
				CLANG_WARN__DUPLICATE_METHOD_MATCH = YES;
				COPY_PHASE_STRIP = NO;
				DEBUG_INFORMATION_FORMAT = "dwarf-with-dsym";
				ENABLE_NS_ASSERTIONS = NO;
				ENABLE_STRICT_OBJC_MSGSEND = YES;
				GCC_C_LANGUAGE_STANDARD = gnu11;
				GCC_NO_COMMON_BLOCKS = YES;
				GCC_WARN_64_TO_32_BIT_CONVERSION = YES;
				GCC_WARN_ABOUT_RETURN_TYPE = YES_ERROR;
				GCC_WARN_UNDECLARED_SELECTOR = YES;
				GCC_WARN_UNINITIALIZED_AUTOS = YES_AGGRESSIVE;
				GCC_WARN_UNUSED_FUNCTION = YES;
				GCC_WARN_UNUSED_VARIABLE = YES;
				IPHONEOS_DEPLOYMENT_TARGET = 13.2;
				MTL_ENABLE_DEBUG_INFO = NO;
				MTL_FAST_MATH = YES;
				SDKROOT = iphoneos;
				VALIDATE_PRODUCT = YES;
			};
			name = Release;
		};
		096E9DB423E6B2F800D95713 /* Debug */ = {
			isa = XCBuildConfiguration;
			buildSettings = {
				ASSETCATALOG_COMPILER_APPICON_NAME = AppIcon;
				CODE_SIGN_STYLE = Automatic;
				INFOPLIST_FILE = LearningBusinessApp/Info.plist;
				LD_RUNPATH_SEARCH_PATHS = (
					"$(inherited)",
					"@executable_path/Frameworks",
				);
				PRODUCT_BUNDLE_IDENTIFIER = arraycom.LearningBusinessApp;
				PRODUCT_NAME = "$(TARGET_NAME)";
				TARGETED_DEVICE_FAMILY = "1,2";
			};
			name = Debug;
		};
		096E9DB523E6B2F800D95713 /* Release */ = {
			isa = XCBuildConfiguration;
			buildSettings = {
				ASSETCATALOG_COMPILER_APPICON_NAME = AppIcon;
				CODE_SIGN_STYLE = Automatic;
				INFOPLIST_FILE = LearningBusinessApp/Info.plist;
				LD_RUNPATH_SEARCH_PATHS = (
					"$(inherited)",
					"@executable_path/Frameworks",
				);
				PRODUCT_BUNDLE_IDENTIFIER = arraycom.LearningBusinessApp;
				PRODUCT_NAME = "$(TARGET_NAME)";
				TARGETED_DEVICE_FAMILY = "1,2";
			};
			name = Release;
		};
		096E9DB723E6B2F800D95713 /* Debug */ = {
			isa = XCBuildConfiguration;
			buildSettings = {
				BUNDLE_LOADER = "$(TEST_HOST)";
				CODE_SIGN_STYLE = Automatic;
				INFOPLIST_FILE = LearningBusinessAppTests/Info.plist;
				IPHONEOS_DEPLOYMENT_TARGET = 13.2;
				LD_RUNPATH_SEARCH_PATHS = (
					"$(inherited)",
					"@executable_path/Frameworks",
					"@loader_path/Frameworks",
				);
				PRODUCT_BUNDLE_IDENTIFIER = arraycom.LearningBusinessAppTests;
				PRODUCT_NAME = "$(TARGET_NAME)";
				TARGETED_DEVICE_FAMILY = "1,2";
				TEST_HOST = "$(BUILT_PRODUCTS_DIR)/LearningBusinessApp.app/LearningBusinessApp";
			};
			name = Debug;
		};
		096E9DB823E6B2F800D95713 /* Release */ = {
			isa = XCBuildConfiguration;
			buildSettings = {
				BUNDLE_LOADER = "$(TEST_HOST)";
				CODE_SIGN_STYLE = Automatic;
				INFOPLIST_FILE = LearningBusinessAppTests/Info.plist;
				IPHONEOS_DEPLOYMENT_TARGET = 13.2;
				LD_RUNPATH_SEARCH_PATHS = (
					"$(inherited)",
					"@executable_path/Frameworks",
					"@loader_path/Frameworks",
				);
				PRODUCT_BUNDLE_IDENTIFIER = arraycom.LearningBusinessAppTests;
				PRODUCT_NAME = "$(TARGET_NAME)";
				TARGETED_DEVICE_FAMILY = "1,2";
				TEST_HOST = "$(BUILT_PRODUCTS_DIR)/LearningBusinessApp.app/LearningBusinessApp";
			};
			name = Release;
		};
		096E9DBA23E6B2F800D95713 /* Debug */ = {
			isa = XCBuildConfiguration;
			buildSettings = {
				CODE_SIGN_STYLE = Automatic;
				INFOPLIST_FILE = LearningBusinessAppUITests/Info.plist;
				LD_RUNPATH_SEARCH_PATHS = (
					"$(inherited)",
					"@executable_path/Frameworks",
					"@loader_path/Frameworks",
				);
				PRODUCT_BUNDLE_IDENTIFIER = arraycom.LearningBusinessAppUITests;
				PRODUCT_NAME = "$(TARGET_NAME)";
				TARGETED_DEVICE_FAMILY = "1,2";
				TEST_TARGET_NAME = LearningBusinessApp;
			};
			name = Debug;
		};
		096E9DBB23E6B2F800D95713 /* Release */ = {
			isa = XCBuildConfiguration;
			buildSettings = {
				CODE_SIGN_STYLE = Automatic;
				INFOPLIST_FILE = LearningBusinessAppUITests/Info.plist;
				LD_RUNPATH_SEARCH_PATHS = (
					"$(inherited)",
					"@executable_path/Frameworks",
					"@loader_path/Frameworks",
				);
				PRODUCT_BUNDLE_IDENTIFIER = arraycom.LearningBusinessAppUITests;
				PRODUCT_NAME = "$(TARGET_NAME)";
				TARGETED_DEVICE_FAMILY = "1,2";
				TEST_TARGET_NAME = LearningBusinessApp;
			};
			name = Release;
		};
/* End XCBuildConfiguration section */

/* Begin XCConfigurationList section */
		096E9D7F23E6B2F500D95713 /* Build configuration list for PBXProject "LearningBusinessApp" */ = {
			isa = XCConfigurationList;
			buildConfigurations = (
				096E9DB123E6B2F800D95713 /* Debug */,
				096E9DB223E6B2F800D95713 /* Release */,
			);
			defaultConfigurationIsVisible = 0;
			defaultConfigurationName = Release;
		};
		096E9DB323E6B2F800D95713 /* Build configuration list for PBXNativeTarget "LearningBusinessApp" */ = {
			isa = XCConfigurationList;
			buildConfigurations = (
				096E9DB423E6B2F800D95713 /* Debug */,
				096E9DB523E6B2F800D95713 /* Release */,
			);
			defaultConfigurationIsVisible = 0;
			defaultConfigurationName = Release;
		};
		096E9DB623E6B2F800D95713 /* Build configuration list for PBXNativeTarget "LearningBusinessAppTests" */ = {
			isa = XCConfigurationList;
			buildConfigurations = (
				096E9DB723E6B2F800D95713 /* Debug */,
				096E9DB823E6B2F800D95713 /* Release */,
			);
			defaultConfigurationIsVisible = 0;
			defaultConfigurationName = Release;
		};
		096E9DB923E6B2F800D95713 /* Build configuration list for PBXNativeTarget "LearningBusinessAppUITests" */ = {
			isa = XCConfigurationList;
			buildConfigurations = (
				096E9DBA23E6B2F800D95713 /* Debug */,
				096E9DBB23E6B2F800D95713 /* Release */,
			);
			defaultConfigurationIsVisible = 0;
			defaultConfigurationName = Release;
		};
/* End XCConfigurationList section */
	};
	rootObject = 096E9D7C23E6B2F500D95713 /* Project object */;
}
